<Solution>
  <Project Path="CManager.Application/CManager.Application.csproj" />
  <Project Path="CManager.Domain/CManager.Domain.csproj" />
  <Project Path="CManager.Infrastructure/CManager.Infrastructure.csproj" />
  <Project Path="CManager.Presentation.ConsoleApp/CManager.Presentation.ConsoleApp.csproj" />
  <Project Path="CManager.Tests/CManager.Tests.csproj" Id="451bd70d-a4b5-4ef6-aaff-490d3c91c78c" />
</Solution>
